
Microsoft Visual Studio Solution File, Format Version 12.00
# Visual Studio Version 17
VisualStudioVersion = 17.5.33516.290
MinimumVisualStudioVersion = 10.0.40219.1
Project("{FAE04EC0-301F-11D3-BF4B-00C04F79EFBC}") = "LevelService", "src\LevelService\LevelService.csproj", "{3423B366-D4CF-4C60-9BEF-FB48D522B0FF}"
EndProject
Global
	GlobalSection(SolutionConfigurationPlatforms) = preSolution
		Debug|Any CPU = Debug|Any CPU
		Release|Any CPU = Release|Any CPU
	EndGlobalSection
	GlobalSection(ProjectConfigurationPlatforms) = postSolution
		{3423B366-D4CF-4C60-9BEF-FB48D522B0FF}.Debug|Any CPU.ActiveCfg = Debug|Any CPU
		{3423B366-D4CF-4C60-9BEF-FB48D522B0FF}.Debug|Any CPU.Build.0 = Debug|Any CPU
		{3423B366-D4CF-4C60-9BEF-FB48D522B0FF}.Release|Any CPU.ActiveCfg = Release|Any CPU
		{3423B366-D4CF-4C60-9BEF-FB48D522B0FF}.Release|Any CPU.Build.0 = Release|Any CPU
	EndGlobalSection
	GlobalSection(SolutionProperties) = preSolution
		HideSolutionNode = FALSE
	EndGlobalSection
	GlobalSection(ExtensibilityGlobals) = postSolution
		SolutionGuid = {8F5BE401-142F-498D-A6E0-66C14C8641F5}
	EndGlobalSection
EndGlobal
